// !$*UTF8*$!
{
	archiveVersion = 1;
	classes = {
	};
	objectVersion = 46;
	objects = {

/* Begin PBXBuildFile section */
		5562BBA61C01E63B00EF4B6E /* main.m in Sources */ = {isa = PBXBuildFile; fileRef = 5562BBA51C01E63B00EF4B6E /* main.m */; };
		5562BBA91C01E63B00EF4B6E /* AppDelegate.m in Sources */ = {isa = PBXBuildFile; fileRef = 5562BBA81C01E63B00EF4B6E /* AppDelegate.m */; };
		5562BBAF1C01E63B00EF4B6E /* Main.storyboard in Resources */ = {isa = PBXBuildFile; fileRef = 5562BBAD1C01E63B00EF4B6E /* Main.storyboard */; };
		5562BBB11C01E63B00EF4B6E /* Images.xcassets in Resources */ = {isa = PBXBuildFile; fileRef = 5562BBB01C01E63B00EF4B6E /* Images.xcassets */; };
		5562BBB41C01E63B00EF4B6E /* LaunchScreen.xib in Resources */ = {isa = PBXBuildFile; fileRef = 5562BBB21C01E63B00EF4B6E /* LaunchScreen.xib */; };
		5562BBC01C01E63B00EF4B6E /* AlbumVKTests.m in Sources */ = {isa = PBXBuildFile; fileRef = 5562BBBF1C01E63B00EF4B6E /* AlbumVKTests.m */; };
		557A5EF11C05168D003D354D /* ANPhotoManager.m in Sources */ = {isa = PBXBuildFile; fileRef = 557A5EF01C05168D003D354D /* ANPhotoManager.m */; };
		55A2E3E71C01EE6F00FC9E0F /* ANAlbumTableViewController.m in Sources */ = {isa = PBXBuildFile; fileRef = 55A2E3E61C01EE6F00FC9E0F /* ANAlbumTableViewController.m */; };
		55A2E3EA1C01EE8C00FC9E0F /* ANDetailTableViewController.m in Sources */ = {isa = PBXBuildFile; fileRef = 55A2E3E91C01EE8C00FC9E0F /* ANDetailTableViewController.m */; };
		55A2E3ED1C01EEC300FC9E0F /* ANServerManager.m in Sources */ = {isa = PBXBuildFile; fileRef = 55A2E3EC1C01EEC300FC9E0F /* ANServerManager.m */; };
		55A2E3F01C01EF8A00FC9E0F /* ANAccessToken.m in Sources */ = {isa = PBXBuildFile; fileRef = 55A2E3EF1C01EF8A00FC9E0F /* ANAccessToken.m */; };
		55A2E3F31C01F12500FC9E0F /* ANUser.m in Sources */ = {isa = PBXBuildFile; fileRef = 55A2E3F21C01F12500FC9E0F /* ANUser.m */; };
		55A2E3F61C01F26100FC9E0F /* ANFriendsTableViewController.m in Sources */ = {isa = PBXBuildFile; fileRef = 55A2E3F51C01F26100FC9E0F /* ANFriendsTableViewController.m */; };
		55A2E3F91C01F28300FC9E0F /* ANFriends.m in Sources */ = {isa = PBXBuildFile; fileRef = 55A2E3F81C01F28300FC9E0F /* ANFriends.m */; };
		55A2E3FC1C01F2B400FC9E0F /* ANLoginViewController.m in Sources */ = {isa = PBXBuildFile; fileRef = 55A2E3FB1C01F2B400FC9E0F /* ANLoginViewController.m */; };
		55A2E3FF1C01F61400FC9E0F /* ANAlbum.m in Sources */ = {isa = PBXBuildFile; fileRef = 55A2E3FE1C01F61400FC9E0F /* ANAlbum.m */; };
		55A2E4021C01F62000FC9E0F /* ANPhoto.m in Sources */ = {isa = PBXBuildFile; fileRef = 55A2E4011C01F62000FC9E0F /* ANPhoto.m */; };
		55A2E4051C0219E900FC9E0F /* ANUserTableViewCell.m in Sources */ = {isa = PBXBuildFile; fileRef = 55A2E4041C0219E900FC9E0F /* ANUserTableViewCell.m */; };
		55A2E4081C021F7500FC9E0F /* ANPhotoTableViewCell.m in Sources */ = {isa = PBXBuildFile; fileRef = 55A2E4071C021F7500FC9E0F /* ANPhotoTableViewCell.m */; };
		55A2E40B1C021FD700FC9E0F /* ANIndexedCollectionView.m in Sources */ = {isa = PBXBuildFile; fileRef = 55A2E40A1C021FD700FC9E0F /* ANIndexedCollectionView.m */; };
		55FB42741C03359200F62E84 /* MHFacebookImageViewer.m in Sources */ = {isa = PBXBuildFile; fileRef = 55FB42731C03359200F62E84 /* MHFacebookImageViewer.m */; };
		55FB427C1C0363D400F62E84 /* UIImage+animatedGIF.m in Sources */ = {isa = PBXBuildFile; fileRef = 55FB427B1C0363D400F62E84 /* UIImage+animatedGIF.m */; };
		55FB427F1C03644B00F62E84 /* loading.gif in Resources */ = {isa = PBXBuildFile; fileRef = 55FB427E1C03644B00F62E84 /* loading.gif */; };
		AE1437A766C0BA62F4B68B74 /* libPods.a in Frameworks */ = {isa = PBXBuildFile; fileRef = 37783DC065A7DA45D70AA331 /* libPods.a */; };
/* End PBXBuildFile section */

/* Begin PBXContainerItemProxy section */
		5562BBBA1C01E63B00EF4B6E /* PBXContainerItemProxy */ = {
			isa = PBXContainerItemProxy;
			containerPortal = 5562BB981C01E63B00EF4B6E /* Project object */;
			proxyType = 1;
			remoteGlobalIDString = 5562BB9F1C01E63B00EF4B6E;
			remoteInfo = AlbumVK;
		};
/* End PBXContainerItemProxy section */

/* Begin PBXFileReference section */
		37783DC065A7DA45D70AA331 /* libPods.a */ = {isa = PBXFileReference; explicitFileType = archive.ar; includeInIndex = 0; path = libPods.a; sourceTree = BUILT_PRODUCTS_DIR; };
		5562BBA01C01E63B00EF4B6E /* AlbumVK.app */ = {isa = PBXFileReference; explicitFileType = wrapper.application; includeInIndex = 0; path = AlbumVK.app; sourceTree = BUILT_PRODUCTS_DIR; };
		5562BBA41C01E63B00EF4B6E /* Info.plist */ = {isa = PBXFileReference; lastKnownFileType = text.plist.xml; path = Info.plist; sourceTree = "<group>"; };
		5562BBA51C01E63B00EF4B6E /* main.m */ = {isa = PBXFileReference; lastKnownFileType = sourcecode.c.objc; path = main.m; sourceTree = "<group>"; };
		5562BBA71C01E63B00EF4B6E /* AppDelegate.h */ = {isa = PBXFileReference; lastKnownFileType = sourcecode.c.h; path = AppDelegate.h; sourceTree = "<group>"; };
		5562BBA81C01E63B00EF4B6E /* AppDelegate.m */ = {isa = PBXFileReference; lastKnownFileType = sourcecode.c.objc; path = AppDelegate.m; sourceTree = "<group>"; };
		5562BBAE1C01E63B00EF4B6E /* Base */ = {isa = PBXFileReference; lastKnownFileType = file.storyboard; name = Base; path = Base.lproj/Main.storyboard; sourceTree = "<group>"; };
		5562BBB01C01E63B00EF4B6E /* Images.xcassets */ = {isa = PBXFileReference; lastKnownFileType = folder.assetcatalog; path = Images.xcassets; sourceTree = "<group>"; };
		5562BBB31C01E63B00EF4B6E /* Base */ = {isa = PBXFileReference; lastKnownFileType = file.xib; name = Base; path = Base.lproj/LaunchScreen.xib; sourceTree = "<group>"; };
		5562BBB91C01E63B00EF4B6E /* AlbumVKTests.xctest */ = {isa = PBXFileReference; explicitFileType = wrapper.cfbundle; includeInIndex = 0; path = AlbumVKTests.xctest; sourceTree = BUILT_PRODUCTS_DIR; };
		5562BBBE1C01E63B00EF4B6E /* Info.plist */ = {isa = PBXFileReference; lastKnownFileType = text.plist.xml; path = Info.plist; sourceTree = "<group>"; };
		5562BBBF1C01E63B00EF4B6E /* AlbumVKTests.m */ = {isa = PBXFileReference; lastKnownFileType = sourcecode.c.objc; path = AlbumVKTests.m; sourceTree = "<group>"; };
		557A5EEF1C05168D003D354D /* ANPhotoManager.h */ = {isa = PBXFileReference; fileEncoding = 4; lastKnownFileType = sourcecode.c.h; path = ANPhotoManager.h; sourceTree = "<group>"; };
		557A5EF01C05168D003D354D /* ANPhotoManager.m */ = {isa = PBXFileReference; fileEncoding = 4; lastKnownFileType = sourcecode.c.objc; path = ANPhotoManager.m; sourceTree = "<group>"; };
		55A2E3E51C01EE6F00FC9E0F /* ANAlbumTableViewController.h */ = {isa = PBXFileReference; fileEncoding = 4; lastKnownFileType = sourcecode.c.h; path = ANAlbumTableViewController.h; sourceTree = "<group>"; };
		55A2E3E61C01EE6F00FC9E0F /* ANAlbumTableViewController.m */ = {isa = PBXFileReference; fileEncoding = 4; lastKnownFileType = sourcecode.c.objc; path = ANAlbumTableViewController.m; sourceTree = "<group>"; };
		55A2E3E81C01EE8C00FC9E0F /* ANDetailTableViewController.h */ = {isa = PBXFileReference; fileEncoding = 4; lastKnownFileType = sourcecode.c.h; path = ANDetailTableViewController.h; sourceTree = "<group>"; };
		55A2E3E91C01EE8C00FC9E0F /* ANDetailTableViewController.m */ = {isa = PBXFileReference; fileEncoding = 4; lastKnownFileType = sourcecode.c.objc; path = ANDetailTableViewController.m; sourceTree = "<group>"; };
		55A2E3EB1C01EEC300FC9E0F /* ANServerManager.h */ = {isa = PBXFileReference; fileEncoding = 4; lastKnownFileType = sourcecode.c.h; path = ANServerManager.h; sourceTree = "<group>"; };
		55A2E3EC1C01EEC300FC9E0F /* ANServerManager.m */ = {isa = PBXFileReference; fileEncoding = 4; lastKnownFileType = sourcecode.c.objc; path = ANServerManager.m; sourceTree = "<group>"; };
		55A2E3EE1C01EF8A00FC9E0F /* ANAccessToken.h */ = {isa = PBXFileReference; fileEncoding = 4; lastKnownFileType = sourcecode.c.h; path = ANAccessToken.h; sourceTree = "<group>"; };
		55A2E3EF1C01EF8A00FC9E0F /* ANAccessToken.m */ = {isa = PBXFileReference; fileEncoding = 4; lastKnownFileType = sourcecode.c.objc; path = ANAccessToken.m; sourceTree = "<group>"; };
		55A2E3F11C01F12500FC9E0F /* ANUser.h */ = {isa = PBXFileReference; fileEncoding = 4; lastKnownFileType = sourcecode.c.h; path = ANUser.h; sourceTree = "<group>"; };
		55A2E3F21C01F12500FC9E0F /* ANUser.m */ = {isa = PBXFileReference; fileEncoding = 4; lastKnownFileType = sourcecode.c.objc; path = ANUser.m; sourceTree = "<group>"; };
		55A2E3F41C01F26100FC9E0F /* ANFriendsTableViewController.h */ = {isa = PBXFileReference; fileEncoding = 4; lastKnownFileType = sourcecode.c.h; path = ANFriendsTableViewController.h; sourceTree = "<group>"; };
		55A2E3F51C01F26100FC9E0F /* ANFriendsTableViewController.m */ = {isa = PBXFileReference; fileEncoding = 4; lastKnownFileType = sourcecode.c.objc; path = ANFriendsTableViewController.m; sourceTree = "<group>"; };
		55A2E3F71C01F28300FC9E0F /* ANFriends.h */ = {isa = PBXFileReference; fileEncoding = 4; lastKnownFileType = sourcecode.c.h; path = ANFriends.h; sourceTree = "<group>"; };
		55A2E3F81C01F28300FC9E0F /* ANFriends.m */ = {isa = PBXFileReference; fileEncoding = 4; lastKnownFileType = sourcecode.c.objc; path = ANFriends.m; sourceTree = "<group>"; };
		55A2E3FA1C01F2B400FC9E0F /* ANLoginViewController.h */ = {isa = PBXFileReference; fileEncoding = 4; lastKnownFileType = sourcecode.c.h; path = ANLoginViewController.h; sourceTree = "<group>"; };
		55A2E3FB1C01F2B400FC9E0F /* ANLoginViewController.m */ = {isa = PBXFileReference; fileEncoding = 4; lastKnownFileType = sourcecode.c.objc; path = ANLoginViewController.m; sourceTree = "<group>"; };
		55A2E3FD1C01F61400FC9E0F /* ANAlbum.h */ = {isa = PBXFileReference; fileEncoding = 4; lastKnownFileType = sourcecode.c.h; path = ANAlbum.h; sourceTree = "<group>"; };
		55A2E3FE1C01F61400FC9E0F /* ANAlbum.m */ = {isa = PBXFileReference; fileEncoding = 4; lastKnownFileType = sourcecode.c.objc; path = ANAlbum.m; sourceTree = "<group>"; };
		55A2E4001C01F62000FC9E0F /* ANPhoto.h */ = {isa = PBXFileReference; fileEncoding = 4; lastKnownFileType = sourcecode.c.h; path = ANPhoto.h; sourceTree = "<group>"; };
		55A2E4011C01F62000FC9E0F /* ANPhoto.m */ = {isa = PBXFileReference; fileEncoding = 4; lastKnownFileType = sourcecode.c.objc; path = ANPhoto.m; sourceTree = "<group>"; };
		55A2E4031C0219E900FC9E0F /* ANUserTableViewCell.h */ = {isa = PBXFileReference; fileEncoding = 4; lastKnownFileType = sourcecode.c.h; path = ANUserTableViewCell.h; sourceTree = "<group>"; };
		55A2E4041C0219E900FC9E0F /* ANUserTableViewCell.m */ = {isa = PBXFileReference; fileEncoding = 4; lastKnownFileType = sourcecode.c.objc; path = ANUserTableViewCell.m; sourceTree = "<group>"; };
		55A2E4061C021F7500FC9E0F /* ANPhotoTableViewCell.h */ = {isa = PBXFileReference; fileEncoding = 4; lastKnownFileType = sourcecode.c.h; path = ANPhotoTableViewCell.h; sourceTree = "<group>"; };
		55A2E4071C021F7500FC9E0F /* ANPhotoTableViewCell.m */ = {isa = PBXFileReference; fileEncoding = 4; lastKnownFileType = sourcecode.c.objc; path = ANPhotoTableViewCell.m; sourceTree = "<group>"; };
		55A2E4091C021FD700FC9E0F /* ANIndexedCollectionView.h */ = {isa = PBXFileReference; fileEncoding = 4; lastKnownFileType = sourcecode.c.h; path = ANIndexedCollectionView.h; sourceTree = "<group>"; };
		55A2E40A1C021FD700FC9E0F /* ANIndexedCollectionView.m */ = {isa = PBXFileReference; fileEncoding = 4; lastKnownFileType = sourcecode.c.objc; path = ANIndexedCollectionView.m; sourceTree = "<group>"; };
		55FB42721C03359200F62E84 /* MHFacebookImageViewer.h */ = {isa = PBXFileReference; fileEncoding = 4; lastKnownFileType = sourcecode.c.h; path = MHFacebookImageViewer.h; sourceTree = "<group>"; };
		55FB42731C03359200F62E84 /* MHFacebookImageViewer.m */ = {isa = PBXFileReference; fileEncoding = 4; lastKnownFileType = sourcecode.c.objc; path = MHFacebookImageViewer.m; sourceTree = "<group>"; };
		55FB427A1C0363D400F62E84 /* UIImage+animatedGIF.h */ = {isa = PBXFileReference; fileEncoding = 4; lastKnownFileType = sourcecode.c.h; path = "UIImage+animatedGIF.h"; sourceTree = "<group>"; };
		55FB427B1C0363D400F62E84 /* UIImage+animatedGIF.m */ = {isa = PBXFileReference; fileEncoding = 4; lastKnownFileType = sourcecode.c.objc; path = "UIImage+animatedGIF.m"; sourceTree = "<group>"; };
		55FB427E1C03644B00F62E84 /* loading.gif */ = {isa = PBXFileReference; lastKnownFileType = image.gif; path = loading.gif; sourceTree = "<group>"; };
		A30332C095C8F3243864D91D /* Pods.debug.xcconfig */ = {isa = PBXFileReference; includeInIndex = 1; lastKnownFileType = text.xcconfig; name = Pods.debug.xcconfig; path = "Pods/Target Support Files/Pods/Pods.debug.xcconfig"; sourceTree = "<group>"; };
		F97EA01C8A8B96DB07AFFB45 /* Pods.release.xcconfig */ = {isa = PBXFileReference; includeInIndex = 1; lastKnownFileType = text.xcconfig; name = Pods.release.xcconfig; path = "Pods/Target Support Files/Pods/Pods.release.xcconfig"; sourceTree = "<group>"; };
/* End PBXFileReference section */

/* Begin PBXFrameworksBuildPhase section */
		5562BB9D1C01E63B00EF4B6E /* Frameworks */ = {
			isa = PBXFrameworksBuildPhase;
			buildActionMask = 2147483647;
			files = (
				AE1437A766C0BA62F4B68B74 /* libPods.a in Frameworks */,
			);
			runOnlyForDeploymentPostprocessing = 0;
		};
		5562BBB61C01E63B00EF4B6E /* Frameworks */ = {
			isa = PBXFrameworksBuildPhase;
			buildActionMask = 2147483647;
			files = (
			);
			runOnlyForDeploymentPostprocessing = 0;
		};
/* End PBXFrameworksBuildPhase section */

/* Begin PBXGroup section */
		5562BB971C01E63B00EF4B6E = {
			isa = PBXGroup;
			children = (
				5562BBA21C01E63B00EF4B6E /* AlbumVK */,
				5562BBBC1C01E63B00EF4B6E /* AlbumVKTests */,
				5562BBA11C01E63B00EF4B6E /* Products */,
				96053F9FA2869E459BFBC228 /* Pods */,
				94220CE81FDE4DC392A70E7B /* Frameworks */,
			);
			sourceTree = "<group>";
		};
		5562BBA11C01E63B00EF4B6E /* Products */ = {
			isa = PBXGroup;
			children = (
				5562BBA01C01E63B00EF4B6E /* AlbumVK.app */,
				5562BBB91C01E63B00EF4B6E /* AlbumVKTests.xctest */,
			);
			name = Products;
			sourceTree = "<group>";
		};
		5562BBA21C01E63B00EF4B6E /* AlbumVK */ = {
			isa = PBXGroup;
			children = (
				55FB427D1C03644B00F62E84 /* Resources */,
				55A2E40C1C0220EA00FC9E0F /* Libs */,
				55A2E3E21C01EDEC00FC9E0F /* Model */,
				55A2E3E31C01EDF700FC9E0F /* View */,
				55A2E3E41C01EE0100FC9E0F /* Controller */,
				5562BBA71C01E63B00EF4B6E /* AppDelegate.h */,
				5562BBA81C01E63B00EF4B6E /* AppDelegate.m */,
				5562BBAD1C01E63B00EF4B6E /* Main.storyboard */,
				5562BBB01C01E63B00EF4B6E /* Images.xcassets */,
				5562BBB21C01E63B00EF4B6E /* LaunchScreen.xib */,
				5562BBA31C01E63B00EF4B6E /* Supporting Files */,
			);
			path = AlbumVK;
			sourceTree = "<group>";
		};
		5562BBA31C01E63B00EF4B6E /* Supporting Files */ = {
			isa = PBXGroup;
			children = (
				5562BBA41C01E63B00EF4B6E /* Info.plist */,
				5562BBA51C01E63B00EF4B6E /* main.m */,
			);
			name = "Supporting Files";
			sourceTree = "<group>";
		};
		5562BBBC1C01E63B00EF4B6E /* AlbumVKTests */ = {
			isa = PBXGroup;
			children = (
				5562BBBF1C01E63B00EF4B6E /* AlbumVKTests.m */,
				5562BBBD1C01E63B00EF4B6E /* Supporting Files */,
			);
			path = AlbumVKTests;
			sourceTree = "<group>";
		};
		5562BBBD1C01E63B00EF4B6E /* Supporting Files */ = {
			isa = PBXGroup;
			children = (
				5562BBBE1C01E63B00EF4B6E /* Info.plist */,
			);
			name = "Supporting Files";
			sourceTree = "<group>";
		};
		55A2E3E21C01EDEC00FC9E0F /* Model */ = {
			isa = PBXGroup;
			children = (
				55A2E3EE1C01EF8A00FC9E0F /* ANAccessToken.h */,
				55A2E3EF1C01EF8A00FC9E0F /* ANAccessToken.m */,
				55A2E3F11C01F12500FC9E0F /* ANUser.h */,
				55A2E3F21C01F12500FC9E0F /* ANUser.m */,
				55A2E3F71C01F28300FC9E0F /* ANFriends.h */,
				55A2E3F81C01F28300FC9E0F /* ANFriends.m */,
				55A2E3FD1C01F61400FC9E0F /* ANAlbum.h */,
				55A2E3FE1C01F61400FC9E0F /* ANAlbum.m */,
				55A2E4001C01F62000FC9E0F /* ANPhoto.h */,
				55A2E4011C01F62000FC9E0F /* ANPhoto.m */,
			);
			name = Model;
			sourceTree = "<group>";
		};
		55A2E3E31C01EDF700FC9E0F /* View */ = {
			isa = PBXGroup;
			children = (
				55A2E4031C0219E900FC9E0F /* ANUserTableViewCell.h */,
				55A2E4041C0219E900FC9E0F /* ANUserTableViewCell.m */,
				55A2E4061C021F7500FC9E0F /* ANPhotoTableViewCell.h */,
				55A2E4071C021F7500FC9E0F /* ANPhotoTableViewCell.m */,
			);
			name = View;
			sourceTree = "<group>";
		};
		55A2E3E41C01EE0100FC9E0F /* Controller */ = {
			isa = PBXGroup;
			children = (
				55A2E3E51C01EE6F00FC9E0F /* ANAlbumTableViewController.h */,
				55A2E3E61C01EE6F00FC9E0F /* ANAlbumTableViewController.m */,
				55A2E3E81C01EE8C00FC9E0F /* ANDetailTableViewController.h */,
				55A2E3E91C01EE8C00FC9E0F /* ANDetailTableViewController.m */,
				55A2E3F41C01F26100FC9E0F /* ANFriendsTableViewController.h */,
				55A2E3F51C01F26100FC9E0F /* ANFriendsTableViewController.m */,
				55A2E3FA1C01F2B400FC9E0F /* ANLoginViewController.h */,
				55A2E3FB1C01F2B400FC9E0F /* ANLoginViewController.m */,
				55A2E4091C021FD700FC9E0F /* ANIndexedCollectionView.h */,
				55A2E40A1C021FD700FC9E0F /* ANIndexedCollectionView.m */,
				55A2E3EB1C01EEC300FC9E0F /* ANServerManager.h */,
				55A2E3EC1C01EEC300FC9E0F /* ANServerManager.m */,
				557A5EEF1C05168D003D354D /* ANPhotoManager.h */,
				557A5EF01C05168D003D354D /* ANPhotoManager.m */,
			);
			name = Controller;
			sourceTree = "<group>";
		};
		55A2E40C1C0220EA00FC9E0F /* Libs */ = {
			isa = PBXGroup;
			children = (
				55FB427A1C0363D400F62E84 /* UIImage+animatedGIF.h */,
				55FB427B1C0363D400F62E84 /* UIImage+animatedGIF.m */,
				55FB42721C03359200F62E84 /* MHFacebookImageViewer.h */,
				55FB42731C03359200F62E84 /* MHFacebookImageViewer.m */,
			);
			name = Libs;
			sourceTree = "<group>";
		};
		55FB427D1C03644B00F62E84 /* Resources */ = {
			isa = PBXGroup;
			children = (
				55FB427E1C03644B00F62E84 /* loading.gif */,
			);
			path = Resources;
			sourceTree = "<group>";
		};
		94220CE81FDE4DC392A70E7B /* Frameworks */ = {
			isa = PBXGroup;
			children = (
				37783DC065A7DA45D70AA331 /* libPods.a */,
			);
			name = Frameworks;
			sourceTree = "<group>";
		};
		96053F9FA2869E459BFBC228 /* Pods */ = {
			isa = PBXGroup;
			children = (
				A30332C095C8F3243864D91D /* Pods.debug.xcconfig */,
				F97EA01C8A8B96DB07AFFB45 /* Pods.release.xcconfig */,
			);
			name = Pods;
			sourceTree = "<group>";
		};
/* End PBXGroup section */

/* Begin PBXNativeTarget section */
		5562BB9F1C01E63B00EF4B6E /* AlbumVK */ = {
			isa = PBXNativeTarget;
			buildConfigurationList = 5562BBC31C01E63B00EF4B6E /* Build configuration list for PBXNativeTarget "AlbumVK" */;
			buildPhases = (
				4F6FE2113E3FB11FFB620A0B /* Check Pods Manifest.lock */,
				5562BB9C1C01E63B00EF4B6E /* Sources */,
				5562BB9D1C01E63B00EF4B6E /* Frameworks */,
				5562BB9E1C01E63B00EF4B6E /* Resources */,
				D5294EED2048FA5552A6C080 /* Embed Pods Frameworks */,
				D3DDE1172346AD957C549DF0 /* Copy Pods Resources */,
			);
			buildRules = (
			);
			dependencies = (
			);
			name = AlbumVK;
			productName = AlbumVK;
			productReference = 5562BBA01C01E63B00EF4B6E /* AlbumVK.app */;
			productType = "com.apple.product-type.application";
		};
		5562BBB81C01E63B00EF4B6E /* AlbumVKTests */ = {
			isa = PBXNativeTarget;
			buildConfigurationList = 5562BBC61C01E63B00EF4B6E /* Build configuration list for PBXNativeTarget "AlbumVKTests" */;
			buildPhases = (
				5562BBB51C01E63B00EF4B6E /* Sources */,
				5562BBB61C01E63B00EF4B6E /* Frameworks */,
				5562BBB71C01E63B00EF4B6E /* Resources */,
			);
			buildRules = (
			);
			dependencies = (
				5562BBBB1C01E63B00EF4B6E /* PBXTargetDependency */,
			);
			name = AlbumVKTests;
			productName = AlbumVKTests;
			productReference = 5562BBB91C01E63B00EF4B6E /* AlbumVKTests.xctest */;
			productType = "com.apple.product-type.bundle.unit-test";
		};
/* End PBXNativeTarget section */

/* Begin PBXProject section */
		5562BB981C01E63B00EF4B6E /* Project object */ = {
			isa = PBXProject;
			attributes = {
				LastUpgradeCheck = 0640;
				ORGANIZATIONNAME = "Андрей";
				TargetAttributes = {
					5562BB9F1C01E63B00EF4B6E = {
						CreatedOnToolsVersion = 6.4;
					};
					5562BBB81C01E63B00EF4B6E = {
						CreatedOnToolsVersion = 6.4;
						TestTargetID = 5562BB9F1C01E63B00EF4B6E;
					};
				};
			};
			buildConfigurationList = 5562BB9B1C01E63B00EF4B6E /* Build configuration list for PBXProject "AlbumVK" */;
			compatibilityVersion = "Xcode 3.2";
			developmentRegion = English;
			hasScannedForEncodings = 0;
			knownRegions = (
				en,
				Base,
			);
			mainGroup = 5562BB971C01E63B00EF4B6E;
			productRefGroup = 5562BBA11C01E63B00EF4B6E /* Products */;
			projectDirPath = "";
			projectRoot = "";
			targets = (
				5562BB9F1C01E63B00EF4B6E /* AlbumVK */,
				5562BBB81C01E63B00EF4B6E /* AlbumVKTests */,
			);
		};
/* End PBXProject section */

/* Begin PBXResourcesBuildPhase section */
		5562BB9E1C01E63B00EF4B6E /* Resources */ = {
			isa = PBXResourcesBuildPhase;
			buildActionMask = 2147483647;
			files = (
				5562BBAF1C01E63B00EF4B6E /* Main.storyboard in Resources */,
				55FB427F1C03644B00F62E84 /* loading.gif in Resources */,
				5562BBB41C01E63B00EF4B6E /* LaunchScreen.xib in Resources */,
				5562BBB11C01E63B00EF4B6E /* Images.xcassets in Resources */,
			);
			runOnlyForDeploymentPostprocessing = 0;
		};
		5562BBB71C01E63B00EF4B6E /* Resources */ = {
			isa = PBXResourcesBuildPhase;
			buildActionMask = 2147483647;
			files = (
			);
			runOnlyForDeploymentPostprocessing = 0;
		};
/* End PBXResourcesBuildPhase section */

/* Begin PBXShellScriptBuildPhase section */
		4F6FE2113E3FB11FFB620A0B /* Check Pods Manifest.lock */ = {
			isa = PBXShellScriptBuildPhase;
			buildActionMask = 2147483647;
			files = (
			);
			inputPaths = (
			);
			name = "Check Pods Manifest.lock";
			outputPaths = (
			);
			runOnlyForDeploymentPostprocessing = 0;
			shellPath = /bin/sh;
			shellScript = "diff \"${PODS_ROOT}/../Podfile.lock\" \"${PODS_ROOT}/Manifest.lock\" > /dev/null\nif [[ $? != 0 ]] ; then\n    cat << EOM\nerror: The sandbox is not in sync with the Podfile.lock. Run 'pod install' or update your CocoaPods installation.\nEOM\n    exit 1\nfi\n";
			showEnvVarsInLog = 0;
		};
		D3DDE1172346AD957C549DF0 /* Copy Pods Resources */ = {
			isa = PBXShellScriptBuildPhase;
			buildActionMask = 2147483647;
			files = (
			);
			inputPaths = (
			);
			name = "Copy Pods Resources";
			outputPaths = (
			);
			runOnlyForDeploymentPostprocessing = 0;
			shellPath = /bin/sh;
			shellScript = "\"${SRCROOT}/Pods/Target Support Files/Pods/Pods-resources.sh\"\n";
			showEnvVarsInLog = 0;
		};
		D5294EED2048FA5552A6C080 /* Embed Pods Frameworks */ = {
			isa = PBXShellScriptBuildPhase;
			buildActionMask = 2147483647;
			files = (
			);
			inputPaths = (
			);
			name = "Embed Pods Frameworks";
			outputPaths = (
			);
			runOnlyForDeploymentPostprocessing = 0;
			shellPath = /bin/sh;
			shellScript = "\"${SRCROOT}/Pods/Target Support Files/Pods/Pods-frameworks.sh\"\n";
			showEnvVarsInLog = 0;
		};
/* End PBXShellScriptBuildPhase section */

/* Begin PBXSourcesBuildPhase section */
		5562BB9C1C01E63B00EF4B6E /* Sources */ = {
			isa = PBXSourcesBuildPhase;
			buildActionMask = 2147483647;
			files = (
				55A2E3F31C01F12500FC9E0F /* ANUser.m in Sources */,
				55A2E4021C01F62000FC9E0F /* ANPhoto.m in Sources */,
				55A2E40B1C021FD700FC9E0F /* ANIndexedCollectionView.m in Sources */,
				55A2E3FC1C01F2B400FC9E0F /* ANLoginViewController.m in Sources */,
				55A2E3E71C01EE6F00FC9E0F /* ANAlbumTableViewController.m in Sources */,
				55A2E3F91C01F28300FC9E0F /* ANFriends.m in Sources */,
				55FB42741C03359200F62E84 /* MHFacebookImageViewer.m in Sources */,
				55A2E3F61C01F26100FC9E0F /* ANFriendsTableViewController.m in Sources */,
				55A2E4051C0219E900FC9E0F /* ANUserTableViewCell.m in Sources */,
				55A2E4081C021F7500FC9E0F /* ANPhotoTableViewCell.m in Sources */,
				55FB427C1C0363D400F62E84 /* UIImage+animatedGIF.m in Sources */,
				557A5EF11C05168D003D354D /* ANPhotoManager.m in Sources */,
				55A2E3EA1C01EE8C00FC9E0F /* ANDetailTableViewController.m in Sources */,
				55A2E3F01C01EF8A00FC9E0F /* ANAccessToken.m in Sources */,
				5562BBA91C01E63B00EF4B6E /* AppDelegate.m in Sources */,
				5562BBA61C01E63B00EF4B6E /* main.m in Sources */,
				55A2E3ED1C01EEC300FC9E0F /* ANServerManager.m in Sources */,
				55A2E3FF1C01F61400FC9E0F /* ANAlbum.m in Sources */,
			);
			runOnlyForDeploymentPostprocessing = 0;
		};
		5562BBB51C01E63B00EF4B6E /* Sources */ = {
			isa = PBXSourcesBuildPhase;
			buildActionMask = 2147483647;
			files = (
				5562BBC01C01E63B00EF4B6E /* AlbumVKTests.m in Sources */,
			);
			runOnlyForDeploymentPostprocessing = 0;
		};
/* End PBXSourcesBuildPhase section */

/* Begin PBXTargetDependency section */
		5562BBBB1C01E63B00EF4B6E /* PBXTargetDependency */ = {
			isa = PBXTargetDependency;
			target = 5562BB9F1C01E63B00EF4B6E /* AlbumVK */;
			targetProxy = 5562BBBA1C01E63B00EF4B6E /* PBXContainerItemProxy */;
		};
/* End PBXTargetDependency section */

/* Begin PBXVariantGroup section */
		5562BBAD1C01E63B00EF4B6E /* Main.storyboard */ = {
			isa = PBXVariantGroup;
			children = (
				5562BBAE1C01E63B00EF4B6E /* Base */,
			);
			name = Main.storyboard;
			sourceTree = "<group>";
		};
		5562BBB21C01E63B00EF4B6E /* LaunchScreen.xib */ = {
			isa = PBXVariantGroup;
			children = (
				5562BBB31C01E63B00EF4B6E /* Base */,
			);
			name = LaunchScreen.xib;
			sourceTree = "<group>";
		};
/* End PBXVariantGroup section */

/* Begin XCBuildConfiguration section */
		5562BBC11C01E63B00EF4B6E /* Debug */ = {
			isa = XCBuildConfiguration;
			buildSettings = {
				ALWAYS_SEARCH_USER_PATHS = NO;
				CLANG_CXX_LANGUAGE_STANDARD = "gnu++0x";
				CLANG_CXX_LIBRARY = "libc++";
				CLANG_ENABLE_MODULES = YES;
				CLANG_ENABLE_OBJC_ARC = YES;
				CLANG_WARN_BOOL_CONVERSION = YES;
				CLANG_WARN_CONSTANT_CONVERSION = YES;
				CLANG_WARN_DIRECT_OBJC_ISA_USAGE = YES_ERROR;
				CLANG_WARN_EMPTY_BODY = YES;
				CLANG_WARN_ENUM_CONVERSION = YES;
				CLANG_WARN_INT_CONVERSION = YES;
				CLANG_WARN_OBJC_ROOT_CLASS = YES_ERROR;
				CLANG_WARN_UNREACHABLE_CODE = YES;
				CLANG_WARN__DUPLICATE_METHOD_MATCH = YES;
				"CODE_SIGN_IDENTITY[sdk=iphoneos*]" = "iPhone Developer";
				COPY_PHASE_STRIP = NO;
				DEBUG_INFORMATION_FORMAT = "dwarf-with-dsym";
				ENABLE_STRICT_OBJC_MSGSEND = YES;
				GCC_C_LANGUAGE_STANDARD = gnu99;
				GCC_DYNAMIC_NO_PIC = NO;
				GCC_NO_COMMON_BLOCKS = YES;
				GCC_OPTIMIZATION_LEVEL = 0;
				GCC_PREPROCESSOR_DEFINITIONS = (
					"DEBUG=1",
					"$(inherited)",
				);
				GCC_SYMBOLS_PRIVATE_EXTERN = NO;
				GCC_WARN_64_TO_32_BIT_CONVERSION = YES;
				GCC_WARN_ABOUT_RETURN_TYPE = YES_ERROR;
				GCC_WARN_UNDECLARED_SELECTOR = YES;
				GCC_WARN_UNINITIALIZED_AUTOS = YES_AGGRESSIVE;
				GCC_WARN_UNUSED_FUNCTION = YES;
				GCC_WARN_UNUSED_VARIABLE = YES;
				IPHONEOS_DEPLOYMENT_TARGET = 8.4;
				MTL_ENABLE_DEBUG_INFO = YES;
				ONLY_ACTIVE_ARCH = YES;
				SDKROOT = iphoneos;
				TARGETED_DEVICE_FAMILY = "1,2";
			};
			name = Debug;
		};
		5562BBC21C01E63B00EF4B6E /* Release */ = {
			isa = XCBuildConfiguration;
			buildSettings = {
				ALWAYS_SEARCH_USER_PATHS = NO;
				CLANG_CXX_LANGUAGE_STANDARD = "gnu++0x";
				CLANG_CXX_LIBRARY = "libc++";
				CLANG_ENABLE_MODULES = YES;
				CLANG_ENABLE_OBJC_ARC = YES;
				CLANG_WARN_BOOL_CONVERSION = YES;
				CLANG_WARN_CONSTANT_CONVERSION = YES;
				CLANG_WARN_DIRECT_OBJC_ISA_USAGE = YES_ERROR;
				CLANG_WARN_EMPTY_BODY = YES;
				CLANG_WARN_ENUM_CONVERSION = YES;
				CLANG_WARN_INT_CONVERSION = YES;
				CLANG_WARN_OBJC_ROOT_CLASS = YES_ERROR;
				CLANG_WARN_UNREACHABLE_CODE = YES;
				CLANG_WARN__DUPLICATE_METHOD_MATCH = YES;
				"CODE_SIGN_IDENTITY[sdk=iphoneos*]" = "iPhone Developer";
				COPY_PHASE_STRIP = NO;
				DEBUG_INFORMATION_FORMAT = "dwarf-with-dsym";
				ENABLE_NS_ASSERTIONS = NO;
				ENABLE_STRICT_OBJC_MSGSEND = YES;
				GCC_C_LANGUAGE_STANDARD = gnu99;
				GCC_NO_COMMON_BLOCKS = YES;
				GCC_WARN_64_TO_32_BIT_CONVERSION = YES;
				GCC_WARN_ABOUT_RETURN_TYPE = YES_ERROR;
				GCC_WARN_UNDECLARED_SELECTOR = YES;
				GCC_WARN_UNINITIALIZED_AUTOS = YES_AGGRESSIVE;
				GCC_WARN_UNUSED_FUNCTION = YES;
				GCC_WARN_UNUSED_VARIABLE = YES;
				IPHONEOS_DEPLOYMENT_TARGET = 8.4;
				MTL_ENABLE_DEBUG_INFO = NO;
				SDKROOT = iphoneos;
				TARGETED_DEVICE_FAMILY = "1,2";
				VALIDATE_PRODUCT = YES;
			};
			name = Release;
		};
		5562BBC41C01E63B00EF4B6E /* Debug */ = {
			isa = XCBuildConfiguration;
			baseConfigurationReference = A30332C095C8F3243864D91D /* Pods.debug.xcconfig */;
			buildSettings = {
				ASSETCATALOG_COMPILER_APPICON_NAME = AppIcon;
				INFOPLIST_FILE = AlbumVK/Info.plist;
				IPHONEOS_DEPLOYMENT_TARGET = 8.0;
				LD_RUNPATH_SEARCH_PATHS = "$(inherited) @executable_path/Frameworks";
				PRODUCT_NAME = "$(TARGET_NAME)";
			};
			name = Debug;
		};
		5562BBC51C01E63B00EF4B6E /* Release */ = {
			isa = XCBuildConfiguration;
			baseConfigurationReference = F97EA01C8A8B96DB07AFFB45 /* Pods.release.xcconfig */;
			buildSettings = {
				ASSETCATALOG_COMPILER_APPICON_NAME = AppIcon;
				INFOPLIST_FILE = AlbumVK/Info.plist;
				IPHONEOS_DEPLOYMENT_TARGET = 8.0;
				LD_RUNPATH_SEARCH_PATHS = "$(inherited) @executable_path/Frameworks";
				PRODUCT_NAME = "$(TARGET_NAME)";
			};
			name = Release;
		};
		5562BBC71C01E63B00EF4B6E /* Debug */ = {
			isa = XCBuildConfiguration;
			buildSettings = {
				BUNDLE_LOADER = "$(TEST_HOST)";
				FRAMEWORK_SEARCH_PATHS = (
					"$(SDKROOT)/Developer/Library/Frameworks",
					"$(inherited)",
				);
				GCC_PREPROCESSOR_DEFINITIONS = (
					"DEBUG=1",
					"$(inherited)",
				);
				INFOPLIST_FILE = AlbumVKTests/Info.plist;
				LD_RUNPATH_SEARCH_PATHS = "$(inherited) @executable_path/Frameworks @loader_path/Frameworks";
				PRODUCT_NAME = "$(TARGET_NAME)";
				TEST_HOST = "$(BUILT_PRODUCTS_DIR)/AlbumVK.app/AlbumVK";
			};
			name = Debug;
		};
		5562BBC81C01E63B00EF4B6E /* Release */ = {
			isa = XCBuildConfiguration;
			buildSettings = {
				BUNDLE_LOADER = "$(TEST_HOST)";
				FRAMEWORK_SEARCH_PATHS = (
					"$(SDKROOT)/Developer/Library/Frameworks",
					"$(inherited)",
				);
				INFOPLIST_FILE = AlbumVKTests/Info.plist;
				LD_RUNPATH_SEARCH_PATHS = "$(inherited) @executable_path/Frameworks @loader_path/Frameworks";
				PRODUCT_NAME = "$(TARGET_NAME)";
				TEST_HOST = "$(BUILT_PRODUCTS_DIR)/AlbumVK.app/AlbumVK";
			};
			name = Release;
		};
/* End XCBuildConfiguration section */

/* Begin XCConfigurationList section */
		5562BB9B1C01E63B00EF4B6E /* Build configuration list for PBXProject "AlbumVK" */ = {
			isa = XCConfigurationList;
			buildConfigurations = (
				5562BBC11C01E63B00EF4B6E /* Debug */,
				5562BBC21C01E63B00EF4B6E /* Release */,
			);
			defaultConfigurationIsVisible = 0;
			defaultConfigurationName = Release;
		};
		5562BBC31C01E63B00EF4B6E /* Build configuration list for PBXNativeTarget "AlbumVK" */ = {
			isa = XCConfigurationList;
			buildConfigurations = (
				5562BBC41C01E63B00EF4B6E /* Debug */,
				5562BBC51C01E63B00EF4B6E /* Release */,
			);
			defaultConfigurationIsVisible = 0;
			defaultConfigurationName = Release;
		};
		5562BBC61C01E63B00EF4B6E /* Build configuration list for PBXNativeTarget "AlbumVKTests" */ = {
			isa = XCConfigurationList;
			buildConfigurations = (
				5562BBC71C01E63B00EF4B6E /* Debug */,
				5562BBC81C01E63B00EF4B6E /* Release */,
			);
			defaultConfigurationIsVisible = 0;
			defaultConfigurationName = Release;
		};
/* End XCConfigurationList section */
	};
	rootObject = 5562BB981C01E63B00EF4B6E /* Project object */;
}
